// !$*UTF8*$!
{
	archiveVersion = 1;
	classes = {
	};
	objectVersion = 46;
	objects = {

/* Begin PBXBuildFile section */
		5B6ACD3019A1566E0044A29A /* Check-256.png in Resources */ = {isa = PBXBuildFile; fileRef = 5B6ACD2F19A1566E0044A29A /* Check-256.png */; };
		5B6ACD3319A166880044A29A /* loginViewController.m in Sources */ = {isa = PBXBuildFile; fileRef = 5B6ACD3219A166880044A29A /* loginViewController.m */; };
		5BF633F6194BEBA800AD83C8 /* main.m in Sources */ = {isa = PBXBuildFile; fileRef = 5BF633F5194BEBA800AD83C8 /* main.m */; };
		5BF633F9194BEBA800AD83C8 /* AppDelegate.m in Sources */ = {isa = PBXBuildFile; fileRef = 5BF633F8194BEBA800AD83C8 /* AppDelegate.m */; };
		5BF633FB194BEBA800AD83C8 /* Images.xcassets in Resources */ = {isa = PBXBuildFile; fileRef = 5BF633FA194BEBA800AD83C8 /* Images.xcassets */; };
		5BF633FE194BEBA800AD83C8 /* Main.storyboard in Resources */ = {isa = PBXBuildFile; fileRef = 5BF633FC194BEBA800AD83C8 /* Main.storyboard */; };
		5BF6340A194BEBA800AD83C8 /* Test_Mac_AppTests.m in Sources */ = {isa = PBXBuildFile; fileRef = 5BF63409194BEBA800AD83C8 /* Test_Mac_AppTests.m */; };
/* End PBXBuildFile section */

/* Begin PBXContainerItemProxy section */
		5BF63404194BEBA800AD83C8 /* PBXContainerItemProxy */ = {
			isa = PBXContainerItemProxy;
			containerPortal = 5BF633E8194BEBA800AD83C8 /* Project object */;
			proxyType = 1;
			remoteGlobalIDString = 5BF633EF194BEBA800AD83C8;
			remoteInfo = "Test Mac App";
		};
/* End PBXContainerItemProxy section */

/* Begin PBXFileReference section */
		5B6ACD2F19A1566E0044A29A /* Check-256.png */ = {isa = PBXFileReference; lastKnownFileType = image.png; name = "Check-256.png"; path = "../../../../Downloads/Check-256.png"; sourceTree = "<group>"; };
		5B6ACD3119A166880044A29A /* loginViewController.h */ = {isa = PBXFileReference; fileEncoding = 4; lastKnownFileType = sourcecode.c.h; path = loginViewController.h; sourceTree = "<group>"; };
		5B6ACD3219A166880044A29A /* loginViewController.m */ = {isa = PBXFileReference; fileEncoding = 4; lastKnownFileType = sourcecode.c.objc; path = loginViewController.m; sourceTree = "<group>"; };
		5BF633F0194BEBA800AD83C8 /* Test Mac App.app */ = {isa = PBXFileReference; explicitFileType = wrapper.application; includeInIndex = 0; path = "Test Mac App.app"; sourceTree = BUILT_PRODUCTS_DIR; };
		5BF633F4194BEBA800AD83C8 /* Info.plist */ = {isa = PBXFileReference; lastKnownFileType = text.plist.xml; path = Info.plist; sourceTree = "<group>"; };
		5BF633F5194BEBA800AD83C8 /* main.m */ = {isa = PBXFileReference; lastKnownFileType = sourcecode.c.objc; path = main.m; sourceTree = "<group>"; };
		5BF633F7194BEBA800AD83C8 /* AppDelegate.h */ = {isa = PBXFileReference; lastKnownFileType = sourcecode.c.h; path = AppDelegate.h; sourceTree = "<group>"; };
		5BF633F8194BEBA800AD83C8 /* AppDelegate.m */ = {isa = PBXFileReference; lastKnownFileType = sourcecode.c.objc; path = AppDelegate.m; sourceTree = "<group>"; };
		5BF633FA194BEBA800AD83C8 /* Images.xcassets */ = {isa = PBXFileReference; lastKnownFileType = folder.assetcatalog; path = Images.xcassets; sourceTree = "<group>"; };
		5BF633FD194BEBA800AD83C8 /* Base */ = {isa = PBXFileReference; lastKnownFileType = file.storyboard; name = Base; path = Base.lproj/Main.storyboard; sourceTree = "<group>"; };
		5BF63403194BEBA800AD83C8 /* Test Mac AppTests.xctest */ = {isa = PBXFileReference; explicitFileType = wrapper.cfbundle; includeInIndex = 0; path = "Test Mac AppTests.xctest"; sourceTree = BUILT_PRODUCTS_DIR; };
		5BF63408194BEBA800AD83C8 /* Info.plist */ = {isa = PBXFileReference; lastKnownFileType = text.plist.xml; path = Info.plist; sourceTree = "<group>"; };
		5BF63409194BEBA800AD83C8 /* Test_Mac_AppTests.m */ = {isa = PBXFileReference; lastKnownFileType = sourcecode.c.objc; path = Test_Mac_AppTests.m; sourceTree = "<group>"; };
/* End PBXFileReference section */

/* Begin PBXFrameworksBuildPhase section */
		5BF633ED194BEBA800AD83C8 /* Frameworks */ = {
			isa = PBXFrameworksBuildPhase;
			buildActionMask = 2147483647;
			files = (
			);
			runOnlyForDeploymentPostprocessing = 0;
		};
		5BF63400194BEBA800AD83C8 /* Frameworks */ = {
			isa = PBXFrameworksBuildPhase;
			buildActionMask = 2147483647;
			files = (
			);
			runOnlyForDeploymentPostprocessing = 0;
		};
/* End PBXFrameworksBuildPhase section */

/* Begin PBXGroup section */
		5B6ACD2E19A156650044A29A /* Images */ = {
			isa = PBXGroup;
			children = (
				5B6ACD2F19A1566E0044A29A /* Check-256.png */,
			);
			name = Images;
			sourceTree = "<group>";
		};
		5BF633E7194BEBA800AD83C8 = {
			isa = PBXGroup;
			children = (
				5BF633F2194BEBA800AD83C8 /* Test Mac App */,
				5BF63406194BEBA800AD83C8 /* Test Mac AppTests */,
				5BF633F1194BEBA800AD83C8 /* Products */,
			);
			sourceTree = "<group>";
		};
		5BF633F1194BEBA800AD83C8 /* Products */ = {
			isa = PBXGroup;
			children = (
				5BF633F0194BEBA800AD83C8 /* Test Mac App.app */,
				5BF63403194BEBA800AD83C8 /* Test Mac AppTests.xctest */,
			);
			name = Products;
			sourceTree = "<group>";
		};
		5BF633F2194BEBA800AD83C8 /* Test Mac App */ = {
			isa = PBXGroup;
			children = (
				5B6ACD2E19A156650044A29A /* Images */,
				5BF633F7194BEBA800AD83C8 /* AppDelegate.h */,
				5BF633F8194BEBA800AD83C8 /* AppDelegate.m */,
				5BF633FA194BEBA800AD83C8 /* Images.xcassets */,
				5BF633FC194BEBA800AD83C8 /* Main.storyboard */,
				5BF633F3194BEBA800AD83C8 /* Supporting Files */,
				5B6ACD3119A166880044A29A /* loginViewController.h */,
				5B6ACD3219A166880044A29A /* loginViewController.m */,
			);
			path = "Test Mac App";
			sourceTree = "<group>";
		};
		5BF633F3194BEBA800AD83C8 /* Supporting Files */ = {
			isa = PBXGroup;
			children = (
				5BF633F4194BEBA800AD83C8 /* Info.plist */,
				5BF633F5194BEBA800AD83C8 /* main.m */,
			);
			name = "Supporting Files";
			sourceTree = "<group>";
		};
		5BF63406194BEBA800AD83C8 /* Test Mac AppTests */ = {
			isa = PBXGroup;
			children = (
				5BF63409194BEBA800AD83C8 /* Test_Mac_AppTests.m */,
				5BF63407194BEBA800AD83C8 /* Supporting Files */,
			);
			path = "Test Mac AppTests";
			sourceTree = "<group>";
		};
		5BF63407194BEBA800AD83C8 /* Supporting Files */ = {
			isa = PBXGroup;
			children = (
				5BF63408194BEBA800AD83C8 /* Info.plist */,
			);
			name = "Supporting Files";
			sourceTree = "<group>";
		};
/* End PBXGroup section */

/* Begin PBXNativeTarget section */
		5BF633EF194BEBA800AD83C8 /* Test Mac App */ = {
			isa = PBXNativeTarget;
			buildConfigurationList = 5BF6340D194BEBA800AD83C8 /* Build configuration list for PBXNativeTarget "Test Mac App" */;
			buildPhases = (
				5BF633EC194BEBA800AD83C8 /* Sources */,
				5BF633ED194BEBA800AD83C8 /* Frameworks */,
				5BF633EE194BEBA800AD83C8 /* Resources */,
			);
			buildRules = (
			);
			dependencies = (
			);
			name = "Test Mac App";
			productName = "Test Mac App";
			productReference = 5BF633F0194BEBA800AD83C8 /* Test Mac App.app */;
			productType = "com.apple.product-type.application";
		};
		5BF63402194BEBA800AD83C8 /* Test Mac AppTests */ = {
			isa = PBXNativeTarget;
			buildConfigurationList = 5BF63410194BEBA800AD83C8 /* Build configuration list for PBXNativeTarget "Test Mac AppTests" */;
			buildPhases = (
				5BF633FF194BEBA800AD83C8 /* Sources */,
				5BF63400194BEBA800AD83C8 /* Frameworks */,
				5BF63401194BEBA800AD83C8 /* Resources */,
			);
			buildRules = (
			);
			dependencies = (
				5BF63405194BEBA800AD83C8 /* PBXTargetDependency */,
			);
			name = "Test Mac AppTests";
			productName = "Test Mac AppTests";
			productReference = 5BF63403194BEBA800AD83C8 /* Test Mac AppTests.xctest */;
			productType = "com.apple.product-type.bundle.unit-test";
		};
/* End PBXNativeTarget section */

/* Begin PBXProject section */
		5BF633E8194BEBA800AD83C8 /* Project object */ = {
			isa = PBXProject;
			attributes = {
				LastUpgradeCheck = 0600;
				ORGANIZATIONNAME = "Aldrich Wingsiong";
				TargetAttributes = {
					5BF633EF194BEBA800AD83C8 = {
						CreatedOnToolsVersion = 6.0;
					};
					5BF63402194BEBA800AD83C8 = {
						CreatedOnToolsVersion = 6.0;
						TestTargetID = 5BF633EF194BEBA800AD83C8;
					};
				};
			};
			buildConfigurationList = 5BF633EB194BEBA800AD83C8 /* Build configuration list for PBXProject "Test Mac App" */;
			compatibilityVersion = "Xcode 3.2";
			developmentRegion = English;
			hasScannedForEncodings = 0;
			knownRegions = (
				en,
				Base,
			);
			mainGroup = 5BF633E7194BEBA800AD83C8;
			productRefGroup = 5BF633F1194BEBA800AD83C8 /* Products */;
			projectDirPath = "";
			projectRoot = "";
			targets = (
				5BF633EF194BEBA800AD83C8 /* Test Mac App */,
				5BF63402194BEBA800AD83C8 /* Test Mac AppTests */,
			);
		};
/* End PBXProject section */

/* Begin PBXResourcesBuildPhase section */
		5BF633EE194BEBA800AD83C8 /* Resources */ = {
			isa = PBXResourcesBuildPhase;
			buildActionMask = 2147483647;
			files = (
				5B6ACD3019A1566E0044A29A /* Check-256.png in Resources */,
				5BF633FB194BEBA800AD83C8 /* Images.xcassets in Resources */,
				5BF633FE194BEBA800AD83C8 /* Main.storyboard in Resources */,
			);
			runOnlyForDeploymentPostprocessing = 0;
		};
		5BF63401194BEBA800AD83C8 /* Resources */ = {
			isa = PBXResourcesBuildPhase;
			buildActionMask = 2147483647;
			files = (
			);
			runOnlyForDeploymentPostprocessing = 0;
		};
/* End PBXResourcesBuildPhase section */

/* Begin PBXSourcesBuildPhase section */
		5BF633EC194BEBA800AD83C8 /* Sources */ = {
			isa = PBXSourcesBuildPhase;
			buildActionMask = 2147483647;
			files = (
				5BF633F9194BEBA800AD83C8 /* AppDelegate.m in Sources */,
				5B6ACD3319A166880044A29A /* loginViewController.m in Sources */,
				5BF633F6194BEBA800AD83C8 /* main.m in Sources */,
			);
			runOnlyForDeploymentPostprocessing = 0;
		};
		5BF633FF194BEBA800AD83C8 /* Sources */ = {
			isa = PBXSourcesBuildPhase;
			buildActionMask = 2147483647;
			files = (
				5BF6340A194BEBA800AD83C8 /* Test_Mac_AppTests.m in Sources */,
			);
			runOnlyForDeploymentPostprocessing = 0;
		};
/* End PBXSourcesBuildPhase section */

/* Begin PBXTargetDependency section */
		5BF63405194BEBA800AD83C8 /* PBXTargetDependency */ = {
			isa = PBXTargetDependency;
			target = 5BF633EF194BEBA800AD83C8 /* Test Mac App */;
			targetProxy = 5BF63404194BEBA800AD83C8 /* PBXContainerItemProxy */;
		};
/* End PBXTargetDependency section */

/* Begin PBXVariantGroup section */
		5BF633FC194BEBA800AD83C8 /* Main.storyboard */ = {
			isa = PBXVariantGroup;
			children = (
				5BF633FD194BEBA800AD83C8 /* Base */,
			);
			name = Main.storyboard;
			sourceTree = "<group>";
		};
/* End PBXVariantGroup section */

/* Begin XCBuildConfiguration section */
		5BF6340B194BEBA800AD83C8 /* Debug */ = {
			isa = XCBuildConfiguration;
			buildSettings = {
				ALWAYS_SEARCH_USER_PATHS = NO;
				CLANG_CXX_LANGUAGE_STANDARD = "gnu++0x";
				CLANG_CXX_LIBRARY = "libc++";
				CLANG_ENABLE_MODULES = YES;
				CLANG_ENABLE_OBJC_ARC = YES;
				CLANG_WARN_BOOL_CONVERSION = YES;
				CLANG_WARN_CONSTANT_CONVERSION = YES;
				CLANG_WARN_DIRECT_OBJC_ISA_USAGE = YES_ERROR;
				CLANG_WARN_EMPTY_BODY = YES;
				CLANG_WARN_ENUM_CONVERSION = YES;
				CLANG_WARN_INT_CONVERSION = YES;
				CLANG_WARN_OBJC_ROOT_CLASS = YES_ERROR;
				CLANG_WARN_UNREACHABLE_CODE = YES;
				CLANG_WARN__DUPLICATE_METHOD_MATCH = YES;
				CODE_SIGN_IDENTITY = "-";
				COPY_PHASE_STRIP = NO;
				ENABLE_STRICT_OBJC_MSGSEND = YES;
				GCC_C_LANGUAGE_STANDARD = gnu99;
				GCC_DYNAMIC_NO_PIC = NO;
				GCC_OPTIMIZATION_LEVEL = 0;
				GCC_PREPROCESSOR_DEFINITIONS = (
					"DEBUG=1",
					"$(inherited)",
				);
				GCC_SYMBOLS_PRIVATE_EXTERN = NO;
				GCC_WARN_64_TO_32_BIT_CONVERSION = YES;
				GCC_WARN_ABOUT_RETURN_TYPE = YES_ERROR;
				GCC_WARN_UNDECLARED_SELECTOR = YES;
				GCC_WARN_UNINITIALIZED_AUTOS = YES_AGGRESSIVE;
				GCC_WARN_UNUSED_FUNCTION = YES;
				GCC_WARN_UNUSED_VARIABLE = YES;
				MACOSX_DEPLOYMENT_TARGET = 10.10;
				MTL_ENABLE_DEBUG_INFO = YES;
				ONLY_ACTIVE_ARCH = YES;
				SDKROOT = macosx;
			};
			name = Debug;
		};
		5BF6340C194BEBA800AD83C8 /* Release */ = {
			isa = XCBuildConfiguration;
			buildSettings = {
				ALWAYS_SEARCH_USER_PATHS = NO;
				CLANG_CXX_LANGUAGE_STANDARD = "gnu++0x";
				CLANG_CXX_LIBRARY = "libc++";
				CLANG_ENABLE_MODULES = YES;
				CLANG_ENABLE_OBJC_ARC = YES;
				CLANG_WARN_BOOL_CONVERSION = YES;
				CLANG_WARN_CONSTANT_CONVERSION = YES;
				CLANG_WARN_DIRECT_OBJC_ISA_USAGE = YES_ERROR;
				CLANG_WARN_EMPTY_BODY = YES;
				CLANG_WARN_ENUM_CONVERSION = YES;
				CLANG_WARN_INT_CONVERSION = YES;
				CLANG_WARN_OBJC_ROOT_CLASS = YES_ERROR;
				CLANG_WARN_UNREACHABLE_CODE = YES;
				CLANG_WARN__DUPLICATE_METHOD_MATCH = YES;
				CODE_SIGN_IDENTITY = "-";
				COPY_PHASE_STRIP = YES;
				DEBUG_INFORMATION_FORMAT = "dwarf-with-dsym";
				ENABLE_NS_ASSERTIONS = NO;
				ENABLE_STRICT_OBJC_MSGSEND = YES;
				GCC_C_LANGUAGE_STANDARD = gnu99;
				GCC_WARN_64_TO_32_BIT_CONVERSION = YES;
				GCC_WARN_ABOUT_RETURN_TYPE = YES_ERROR;
				GCC_WARN_UNDECLARED_SELECTOR = YES;
				GCC_WARN_UNINITIALIZED_AUTOS = YES_AGGRESSIVE;
				GCC_WARN_UNUSED_FUNCTION = YES;
				GCC_WARN_UNUSED_VARIABLE = YES;
				MACOSX_DEPLOYMENT_TARGET = 10.10;
				MTL_ENABLE_DEBUG_INFO = NO;
				SDKROOT = macosx;
			};
			name = Release;
		};
		5BF6340E194BEBA800AD83C8 /* Debug */ = {
			isa = XCBuildConfiguration;
			buildSettings = {
				ASSETCATALOG_COMPILER_APPICON_NAME = AppIcon;
				COMBINE_HIDPI_IMAGES = YES;
				INFOPLIST_FILE = "Test Mac App/Info.plist";
				LD_RUNPATH_SEARCH_PATHS = "$(inherited) @executable_path/../Frameworks";
				PRODUCT_NAME = "$(TARGET_NAME)";
			};
			name = Debug;
		};
		5BF6340F194BEBA800AD83C8 /* Release */ = {
			isa = XCBuildConfiguration;
			buildSettings = {
				ASSETCATALOG_COMPILER_APPICON_NAME = AppIcon;
				COMBINE_HIDPI_IMAGES = YES;
				INFOPLIST_FILE = "Test Mac App/Info.plist";
				LD_RUNPATH_SEARCH_PATHS = "$(inherited) @executable_path/../Frameworks";
				PRODUCT_NAME = "$(TARGET_NAME)";
			};
			name = Release;
		};
		5BF63411194BEBA800AD83C8 /* Debug */ = {
			isa = XCBuildConfiguration;
			buildSettings = {
				BUNDLE_LOADER = "$(BUILT_PRODUCTS_DIR)/Test Mac App.app/Contents/MacOS/Test Mac App";
				COMBINE_HIDPI_IMAGES = YES;
				FRAMEWORK_SEARCH_PATHS = (
					"$(DEVELOPER_FRAMEWORKS_DIR)",
					"$(inherited)",
				);
				GCC_PREPROCESSOR_DEFINITIONS = (
					"DEBUG=1",
					"$(inherited)",
				);
				INFOPLIST_FILE = "Test Mac AppTests/Info.plist";
				LD_RUNPATH_SEARCH_PATHS = "$(inherited) @executable_path/../Frameworks @loader_path/../Frameworks";
				PRODUCT_NAME = "$(TARGET_NAME)";
				TEST_HOST = "$(BUNDLE_LOADER)";
			};
			name = Debug;
		};
		5BF63412194BEBA800AD83C8 /* Release */ = {
			isa = XCBuildConfiguration;
			buildSettings = {
				BUNDLE_LOADER = "$(BUILT_PRODUCTS_DIR)/Test Mac App.app/Contents/MacOS/Test Mac App";
				COMBINE_HIDPI_IMAGES = YES;
				FRAMEWORK_SEARCH_PATHS = (
					"$(DEVELOPER_FRAMEWORKS_DIR)",
					"$(inherited)",
				);
				INFOPLIST_FILE = "Test Mac AppTests/Info.plist";
				LD_RUNPATH_SEARCH_PATHS = "$(inherited) @executable_path/../Frameworks @loader_path/../Frameworks";
				PRODUCT_NAME = "$(TARGET_NAME)";
				TEST_HOST = "$(BUNDLE_LOADER)";
			};
			name = Release;
		};
/* End XCBuildConfiguration section */

/* Begin XCConfigurationList section */
		5BF633EB194BEBA800AD83C8 /* Build configuration list for PBXProject "Test Mac App" */ = {
			isa = XCConfigurationList;
			buildConfigurations = (
				5BF6340B194BEBA800AD83C8 /* Debug */,
				5BF6340C194BEBA800AD83C8 /* Release */,
			);
			defaultConfigurationIsVisible = 0;
			defaultConfigurationName = Release;
		};
		5BF6340D194BEBA800AD83C8 /* Build configuration list for PBXNativeTarget "Test Mac App" */ = {
			isa = XCConfigurationList;
			buildConfigurations = (
				5BF6340E194BEBA800AD83C8 /* Debug */,
				5BF6340F194BEBA800AD83C8 /* Release */,
			);
			defaultConfigurationIsVisible = 0;
			defaultConfigurationName = Release;
		};
		5BF63410194BEBA800AD83C8 /* Build configuration list for PBXNativeTarget "Test Mac AppTests" */ = {
			isa = XCConfigurationList;
			buildConfigurations = (
				5BF63411194BEBA800AD83C8 /* Debug */,
				5BF63412194BEBA800AD83C8 /* Release */,
			);
			defaultConfigurationIsVisible = 0;
			defaultConfigurationName = Release;
		};
/* End XCConfigurationList section */
	};
	rootObject = 5BF633E8194BEBA800AD83C8 /* Project object */;
}
